<?xml version="1.0" encoding="utf-8"?>
<Project ToolsVersion="4.0" xmlns="http://schemas.microsoft.com/developer/msbuild/2003">
  <ItemGroup>
    <Filter Include="Source Files">
      <UniqueIdentifier>{4FC737F1-C7A5-4376-A066-2A32D752A2FF}</UniqueIdentifier>
      <Extensions>cpp;c;cc;cxx;def;odl;idl;hpj;bat;asm;asmx</Extensions>
    </Filter>
    <Filter Include="Header Files">
      <UniqueIdentifier>{93995380-89BD-4b04-88EB-625FBE52EBFB}</UniqueIdentifier>
      <Extensions>h;hh;hpp;hxx;hm;inl;inc;xsd</Extensions>
    </Filter>
    <Filter Include="Resource Files">
      <UniqueIdentifier>{67DA6AB6-F800-4c08-8B7A-83BB121AAD01}</UniqueIdentifier>
      <Extensions>rc;ico;cur;bmp;dlg;rc2;rct;bin;rgs;gif;jpg;jpeg;jpe;resx;tiff;tif;png;wav;mfcribbon-ms</Extensions>
    </Filter>
    <Filter Include="Source Files\enginestate">
      <UniqueIdentifier>{cf4509c2-5c01-44f3-b114-16f0b840d141}</UniqueIdentifier>
    </Filter>
    <Filter Include="Source Files\graphics">
      <UniqueIdentifier>{e590b3e7-ccd4-4de7-892b-ea6c4665ce31}</UniqueIdentifier>
    </Filter>
    <Filter Include="Source Files\util">
      <UniqueIdentifier>{dfde3a9d-cfbd-4dba-89d4-24e80bda3400}</UniqueIdentifier>
    </Filter>
    <Filter Include="Source Files\terrain">
      <UniqueIdentifier>{bc562431-498e-4e4d-91a4-b4c504f6a815}</UniqueIdentifier>
    </Filter>
    <Filter Include="Source Files\graphics\shaders">
      <UniqueIdentifier>{14dc2d3b-957d-4a45-82e3-42dcda168024}</UniqueIdentifier>
    </Filter>
    <Filter Include="Source Files\ecs">
      <UniqueIdentifier>{27ee9131-481d-4944-adbd-92f450287b2e}</UniqueIdentifier>
    </Filter>
    <Filter Include="Source Files\ecs\systems">
      <UniqueIdentifier>{bd75a8c1-8ee8-4145-89e9-a2745d359297}</UniqueIdentifier>
    </Filter>
    <Filter Include="Source Files\ecs\components">
      <UniqueIdentifier>{7d9c9e14-d556-4821-a369-326e33cc62cb}</UniqueIdentifier>
    </Filter>
    <Filter Include="Source Files\ecs\events">
      <UniqueIdentifier>{4f050f0e-48ab-4063-9dac-945aaf97cf35}</UniqueIdentifier>
    </Filter>
  </ItemGroup>
  <ItemGroup>
    <ClCompile Include="main.cpp">
      <Filter>Source Files</Filter>
    </ClCompile>
    <ClCompile Include="window.cpp">
      <Filter>Source Files</Filter>
    </ClCompile>
    <ClCompile Include="playingstate.cpp">
      <Filter>Source Files\enginestate</Filter>
    </ClCompile>
    <ClCompile Include="renderer.cpp">
      <Filter>Source Files\graphics</Filter>
    </ClCompile>
    <ClCompile Include="shader.cpp">
      <Filter>Source Files\graphics</Filter>
    </ClCompile>
    <ClCompile Include="model.cpp">
      <Filter>Source Files\graphics</Filter>
    </ClCompile>
    <ClCompile Include="timer.cpp">
      <Filter>Source Files\util</Filter>
    </ClCompile>
    <ClCompile Include="lodepng.cpp">
      <Filter>Source Files\util</Filter>
    </ClCompile>
    <ClCompile Include="heightmap.cpp">
      <Filter>Source Files\terrain</Filter>
    </ClCompile>
    <ClCompile Include="texture.cpp">
      <Filter>Source Files\graphics</Filter>
    </ClCompile>
    <ClCompile Include="camera.cpp">
      <Filter>Source Files</Filter>
    </ClCompile>
    <ClCompile Include="input.cpp">
      <Filter>Source Files\util</Filter>
    </ClCompile>
    <ClCompile Include="map.cpp">
      <Filter>Source Files</Filter>
    </ClCompile>
    <ClCompile Include="playersystem.cpp">
      <Filter>Source Files\ecs\systems</Filter>
    </ClCompile>
  </ItemGroup>
  <ItemGroup>
    <ClInclude Include="window.h">
      <Filter>Source Files</Filter>
    </ClInclude>
    <ClInclude Include="enginestate.h">
      <Filter>Source Files\enginestate</Filter>
    </ClInclude>
    <ClInclude Include="playingstate.h">
      <Filter>Source Files\enginestate</Filter>
    </ClInclude>
    <ClInclude Include="transform.h">
      <Filter>Source Files\ecs\components</Filter>
    </ClInclude>
    <ClInclude Include="physics.h">
      <Filter>Source Files\ecs\components</Filter>
    </ClInclude>
    <ClInclude Include="renderer.h">
      <Filter>Source Files\graphics</Filter>
    </ClInclude>
    <ClInclude Include="shader.h">
      <Filter>Source Files\graphics</Filter>
    </ClInclude>
    <ClInclude Include="model.h">
      <Filter>Source Files\graphics</Filter>
    </ClInclude>
    <ClInclude Include="timer.h">
      <Filter>Source Files\util</Filter>
    </ClInclude>
    <ClInclude Include="lodepng.h">
      <Filter>Source Files\util</Filter>
    </ClInclude>
    <ClInclude Include="heightmap.h">
      <Filter>Source Files\terrain</Filter>
    </ClInclude>
    <ClInclude Include="texture.h">
      <Filter>Source Files\graphics</Filter>
    </ClInclude>
    <ClInclude Include="camera.h">
      <Filter>Source Files</Filter>
    </ClInclude>
    <ClInclude Include="modelcomponent.h">
      <Filter>Source Files\ecs\components</Filter>
    </ClInclude>
    <ClInclude Include="input.h">
      <Filter>Source Files\util</Filter>
    </ClInclude>
    <ClInclude Include="rendersystem.h">
      <Filter>Source Files\ecs\systems</Filter>
    </ClInclude>
    <ClInclude Include="physicssystem.h">
      <Filter>Source Files\ecs\systems</Filter>
    </ClInclude>
    <ClInclude Include="playercomponent.h">
      <Filter>Source Files\ecs\components</Filter>
    </ClInclude>
    <ClInclude Include="playersystem.h">
      <Filter>Source Files\ecs\systems</Filter>
    </ClInclude>
    <ClInclude Include="map.h">
      <Filter>Source Files\terrain</Filter>
    </ClInclude>
    <ClInclude Include="terraincomponent.h">
      <Filter>Source Files\ecs\components</Filter>
    </ClInclude>
    <ClInclude Include="flightcomponent.h">
      <Filter>Source Files\ecs\components</Filter>
    </ClInclude>
    <ClInclude Include="flightsystem.h">
      <Filter>Source Files\ecs\systems</Filter>
    </ClInclude>
    <ClInclude Include="projectilecomponent.h">
      <Filter>Source Files\ecs\components</Filter>
    </ClInclude>
    <ClInclude Include="collisionsystem.h">
      <Filter>Source Files\ecs\systems</Filter>
    </ClInclude>
    <ClInclude Include="collisionevents.h">
      <Filter>Source Files\ecs\events</Filter>
    </ClInclude>
    <ClInclude Include="missilecomponent.h">
      <Filter>Source Files\ecs\components</Filter>
    </ClInclude>
  </ItemGroup>
  <ItemGroup>
    <ClInclude Include="weapon.h">
      <Filter>Source Files\ecs\components</Filter>
    </ClInclude>
    <ClInclude Include="weaponsystem.h">
      <Filter>Source Files\ecs\systems</Filter>
    </ClInclude>
    <ClInclude Include="equipment.h">
      <Filter>Source Files\ecs\components</Filter>
    </ClInclude>
  </ItemGroup>
  <ItemGroup>
    <None Include="fragmentShader.glsl">
      <Filter>Source Files\graphics\shaders</Filter>
    </None>
    <None Include="geometryShader.glsl">
      <Filter>Source Files\graphics\shaders</Filter>
    </None>
    <None Include="vertexShader.glsl">
      <Filter>Source Files\graphics\shaders</Filter>
    </None>
    <None Include="terrainVertexShader.glsl">
      <Filter>Source Files\graphics\shaders</Filter>
    </None>
    <None Include="terrainFragmentShader.glsl">
      <Filter>Source Files\graphics\shaders</Filter>
    </None>
    <None Include="shadowVertexShader.glsl">
      <Filter>Source Files\graphics\shaders</Filter>
    </None>
    <None Include="shadowFragmentShader.glsl">
      <Filter>Source Files\graphics\shaders</Filter>
    </None>
  </ItemGroup>
</Project>