<?xml version="1.0" encoding="utf-8"?>
<Project ToolsVersion="4.0" xmlns="http://schemas.microsoft.com/developer/msbuild/2003">
  <ItemGroup>
    <ClCompile Include="aisystem.cpp" />
    <ClCompile Include="assetloader.cpp" />
    <ClCompile Include="boundingbox.cpp" />
    <ClCompile Include="button.cpp" />
    <ClCompile Include="buttonhandler.cpp" />
    <ClCompile Include="camera.cpp" />
    <ClCompile Include="flightsystem.cpp" />
    <ClCompile Include="heightmap.cpp" />
    <ClCompile Include="highscore.cpp" />
    <ClCompile Include="input.cpp" />
    <ClCompile Include="lodepng.cpp" />
    <ClCompile Include="main.cpp" />
    <ClCompile Include="map.cpp" />
    <ClCompile Include="menustate.cpp" />
    <ClCompile Include="model.cpp" />
    <ClCompile Include="optionsstate.cpp" />
    <ClCompile Include="particlesystem.cpp" />
    <ClCompile Include="playersystem.cpp" />
    <ClCompile Include="playingstate.cpp" />
    <ClCompile Include="renderer.cpp" />
    <ClCompile Include="SAIB.cpp" />
    <ClCompile Include="shader.cpp" />
    <ClCompile Include="text.cpp" />
    <ClCompile Include="texture.cpp" />
    <ClCompile Include="timer.cpp" />
    <ClCompile Include="window.cpp" />
  </ItemGroup>
  <ItemGroup>
    <ClInclude Include="aicomponent.h" />
    <ClInclude Include="aisystem.h" />
    <ClInclude Include="always_true.h" />
    <ClInclude Include="assetloader.h" />
    <ClInclude Include="backtomenuaction.h" />
    <ClInclude Include="behaviour.h" />
    <ClInclude Include="boundingbox.h" />
    <ClInclude Include="button.h" />
    <ClInclude Include="ButtonAction.h" />
    <ClInclude Include="buttonhandler.h" />
    <ClInclude Include="camera.h" />
    <ClInclude Include="collisioncomponent.h" />
    <ClInclude Include="collisionevents.h" />
    <ClInclude Include="collisionsystem.h" />
    <ClInclude Include="condition.h" />
    <ClInclude Include="constant_turn.h" />
    <ClInclude Include="enemy_close.h" />
    <ClInclude Include="enginestate.h" />
    <ClInclude Include="flightcomponent.h" />
    <ClInclude Include="flightsystem.h" />
    <ClInclude Include="fly_up.h" />
    <ClInclude Include="follow_path.h" />
    <ClInclude Include="follow_target.h" />
    <ClInclude Include="gameoversystem.h" />
    <ClInclude Include="follow_player.h" />
    <ClInclude Include="ground_close_front.h" />
    <ClInclude Include="heightmap.h" />
    <ClInclude Include="highscore.h" />
    <ClInclude Include="input.h" />
    <ClInclude Include="lodepng.h" />
    <ClInclude Include="map.h" />
    <ClInclude Include="menustate.h" />
    <ClInclude Include="missilecomponent.h" />
    <ClInclude Include="model.h" />
    <ClInclude Include="modelcomponent.h" />
    <ClInclude Include="particlesystem.h" />
    <ClInclude Include="optionsaction.h" />
    <ClInclude Include="optionsstate.h" />
    <ClInclude Include="physics.h" />
    <ClInclude Include="playercomponent.h" />
    <ClInclude Include="playersystem.h" />
    <ClInclude Include="playingstate.h" />
    <ClInclude Include="pointcomponent.h" />
    <ClInclude Include="rendersystem.h" />
    <ClInclude Include="projectilecomponent.h" />
    <ClInclude Include="restartaction.h" />
    <ClInclude Include="SAIB.h" />
    <ClInclude Include="shader.h" />
    <ClInclude Include="physicssystem.h" />
    <ClInclude Include="soundbuffers.h" />
    <ClInclude Include="soundcomponent.h" />
    <ClInclude Include="soundsystem.h" />
    <ClInclude Include="startgameaction.h" />
    <ClInclude Include="targetcomponent.h" />
    <ClInclude Include="terraincomponent.h" />
    <ClInclude Include="text.hpp" />
    <ClInclude Include="texture.h" />
    <ClInclude Include="transform.h" />
    <ClInclude Include="renderer.h" />
    <ClInclude Include="timer.h" />
    <ClInclude Include="weaponsystem.h" />
    <ClInclude Include="window.h" />
    <ClInclude Include="equipment.h" />
    <ClInclude Include="weapon.h" />
  </ItemGroup>
  <ItemGroup>
    <None Include="fragmentShader.glsl" />
    <None Include="geometryShader.glsl" />
    <None Include="partFrag.glsl" />
    <None Include="partVert.glsl" />
    <None Include="shadowFragmentShader.glsl" />
    <None Include="shadowVertexShader.glsl" />
    <None Include="terrainFragmentShader.glsl" />
    <None Include="terrainVertexShader.glsl" />
    <None Include="partCompute.glsl" />
    <None Include="textFrag.glsl" />
    <None Include="textVert.glsl" />
    <None Include="vertexShader.glsl" />
  </ItemGroup>
</Project>