<?xml version="1.0" encoding="utf-8"?>
<Project ToolsVersion="4.0" xmlns="http://schemas.microsoft.com/developer/msbuild/2003">
  <ItemGroup>
    <ClCompile Include="main.cpp" />
    <ClCompile Include="window.cpp" />
    <ClCompile Include="aisystem.cpp">
      <Filter>Systems</Filter>
    </ClCompile>
    <ClCompile Include="flightsystem.cpp">
      <Filter>Systems</Filter>
    </ClCompile>
    <ClCompile Include="particlesystem.cpp">
      <Filter>Systems</Filter>
    </ClCompile>
    <ClCompile Include="playersystem.cpp">
      <Filter>Systems</Filter>
    </ClCompile>
    <ClCompile Include="menustate.cpp">
      <Filter>States</Filter>
    </ClCompile>
    <ClCompile Include="optionsstate.cpp">
      <Filter>States</Filter>
    </ClCompile>
    <ClCompile Include="playingstate.cpp">
      <Filter>States</Filter>
    </ClCompile>
    <ClCompile Include="SAIB.cpp">
      <Filter>Behaviours</Filter>
    </ClCompile>
    <ClCompile Include="map.cpp">
      <Filter>Terrain</Filter>
    </ClCompile>
    <ClCompile Include="heightmap.cpp">
      <Filter>Terrain</Filter>
    </ClCompile>
    <ClCompile Include="text.cpp">
      <Filter>GUI</Filter>
    </ClCompile>
    <ClCompile Include="button.cpp">
      <Filter>GUI</Filter>
    </ClCompile>
    <ClCompile Include="buttonhandler.cpp">
      <Filter>GUI</Filter>
    </ClCompile>
    <ClCompile Include="highscore.cpp">
      <Filter>GUI</Filter>
    </ClCompile>
    <ClCompile Include="camera.cpp">
      <Filter>Graphics</Filter>
    </ClCompile>
    <ClCompile Include="renderer.cpp">
      <Filter>Graphics</Filter>
    </ClCompile>
    <ClCompile Include="shader.cpp">
      <Filter>Graphics</Filter>
    </ClCompile>
    <ClCompile Include="texture.cpp">
      <Filter>Graphics</Filter>
    </ClCompile>
    <ClCompile Include="assetloader.cpp">
      <Filter>UTILS</Filter>
    </ClCompile>
    <ClCompile Include="boundingbox.cpp">
      <Filter>UTILS</Filter>
    </ClCompile>
    <ClCompile Include="lodepng.cpp">
      <Filter>UTILS</Filter>
    </ClCompile>
    <ClCompile Include="timer.cpp">
      <Filter>UTILS</Filter>
    </ClCompile>
    <ClCompile Include="input.cpp">
      <Filter>UTILS</Filter>
    </ClCompile>
    <ClCompile Include="model.cpp">
      <Filter>Graphics</Filter>
    </ClCompile>
    <ClCompile Include="loadoutstate.cpp">
      <Filter>States</Filter>
    </ClCompile>
    <ClCompile Include="loadingstate.cpp">
      <Filter>States</Filter>
    </ClCompile>
    <ClCompile Include="highscorestate.cpp">
      <Filter>States</Filter>
    </ClCompile>
  </ItemGroup>
  <ItemGroup>
    <ClInclude Include="window.h" />
    <ClInclude Include="always_true.h">
      <Filter>Behaviours\Conditions</Filter>
    </ClInclude>
    <ClInclude Include="enemy_close.h">
      <Filter>Behaviours\Conditions</Filter>
    </ClInclude>
    <ClInclude Include="ground_close_front.h">
      <Filter>Behaviours\Conditions</Filter>
    </ClInclude>
    <ClInclude Include="fly_up.h">
      <Filter>Behaviours</Filter>
    </ClInclude>
    <ClInclude Include="follow_path.h">
      <Filter>Behaviours</Filter>
    </ClInclude>
    <ClInclude Include="follow_target.h">
      <Filter>Behaviours</Filter>
    </ClInclude>
    <ClInclude Include="follow_player.h">
      <Filter>Behaviours</Filter>
    </ClInclude>
    <ClInclude Include="constant_turn.h">
      <Filter>Behaviours</Filter>
    </ClInclude>
    <ClInclude Include="aisystem.h">
      <Filter>Systems</Filter>
    </ClInclude>
    <ClInclude Include="behaviour.h">
      <Filter>Behaviours</Filter>
    </ClInclude>
    <ClInclude Include="condition.h">
      <Filter>Behaviours\Conditions</Filter>
    </ClInclude>
    <ClInclude Include="aicomponent.h">
      <Filter>Systems\Components</Filter>
    </ClInclude>
    <ClInclude Include="collisioncomponent.h">
      <Filter>Systems\Components</Filter>
    </ClInclude>
    <ClInclude Include="flightcomponent.h">
      <Filter>Systems\Components</Filter>
    </ClInclude>
    <ClInclude Include="missilecomponent.h">
      <Filter>Systems\Components</Filter>
    </ClInclude>
    <ClInclude Include="modelcomponent.h">
      <Filter>Systems\Components</Filter>
    </ClInclude>
    <ClInclude Include="playercomponent.h">
      <Filter>Systems\Components</Filter>
    </ClInclude>
    <ClInclude Include="physics.h">
      <Filter>Systems\Components</Filter>
    </ClInclude>
    <ClInclude Include="projectilecomponent.h">
      <Filter>Systems\Components</Filter>
    </ClInclude>
    <ClInclude Include="terraincomponent.h">
      <Filter>Systems\Components</Filter>
    </ClInclude>
    <ClInclude Include="targetcomponent.h">
      <Filter>Systems\Components</Filter>
    </ClInclude>
    <ClInclude Include="soundcomponent.h">
      <Filter>Systems\Components</Filter>
    </ClInclude>
    <ClInclude Include="transform.h">
      <Filter>Systems\Components</Filter>
    </ClInclude>
    <ClInclude Include="collisionsystem.h">
      <Filter>Systems</Filter>
    </ClInclude>
    <ClInclude Include="flightsystem.h">
      <Filter>Systems</Filter>
    </ClInclude>
    <ClInclude Include="particlesystem.h">
      <Filter>Systems</Filter>
    </ClInclude>
    <ClInclude Include="physicssystem.h">
      <Filter>Systems</Filter>
    </ClInclude>
    <ClInclude Include="playersystem.h">
      <Filter>Systems</Filter>
    </ClInclude>
    <ClInclude Include="rendersystem.h">
      <Filter>Systems</Filter>
    </ClInclude>
    <ClInclude Include="soundsystem.h">
      <Filter>Systems</Filter>
    </ClInclude>
    <ClInclude Include="weaponsystem.h">
      <Filter>Systems</Filter>
    </ClInclude>
    <ClInclude Include="enginestate.h">
      <Filter>States</Filter>
    </ClInclude>
    <ClInclude Include="menustate.h">
      <Filter>States</Filter>
    </ClInclude>
    <ClInclude Include="optionsstate.h">
      <Filter>States</Filter>
    </ClInclude>
    <ClInclude Include="playingstate.h">
      <Filter>States</Filter>
    </ClInclude>
    <ClInclude Include="SAIB.h">
      <Filter>Behaviours</Filter>
    </ClInclude>
    <ClInclude Include="map.h">
      <Filter>Terrain</Filter>
    </ClInclude>
    <ClInclude Include="heightmap.h">
      <Filter>Terrain</Filter>
    </ClInclude>
    <ClInclude Include="equipment.h">
      <Filter>Systems\Components</Filter>
    </ClInclude>
    <ClInclude Include="gameoversystem.h">
      <Filter>Systems</Filter>
    </ClInclude>
    <ClInclude Include="collisionevents.h">
      <Filter>Events</Filter>
    </ClInclude>
    <ClInclude Include="startgameaction.h">
      <Filter>GUI\Actions</Filter>
    </ClInclude>
    <ClInclude Include="optionsaction.h">
      <Filter>GUI\Actions</Filter>
    </ClInclude>
    <ClInclude Include="ButtonAction.h">
      <Filter>GUI\Actions</Filter>
    </ClInclude>
    <ClInclude Include="backtomenuaction.h">
      <Filter>GUI\Actions</Filter>
    </ClInclude>
    <ClInclude Include="text.hpp">
      <Filter>GUI</Filter>
    </ClInclude>
    <ClInclude Include="button.h">
      <Filter>GUI</Filter>
    </ClInclude>
    <ClInclude Include="buttonhandler.h">
      <Filter>GUI</Filter>
    </ClInclude>
    <ClInclude Include="pointcomponent.h">
      <Filter>Systems\Components</Filter>
    </ClInclude>
    <ClInclude Include="weapon.h">
      <Filter>Systems\Components</Filter>
    </ClInclude>
    <ClInclude Include="restartaction.h">
      <Filter>GUI\Actions</Filter>
    </ClInclude>
    <ClInclude Include="highscore.h">
      <Filter>GUI</Filter>
    </ClInclude>
    <ClInclude Include="camera.h">
      <Filter>Graphics</Filter>
    </ClInclude>
    <ClInclude Include="renderer.h">
      <Filter>Graphics</Filter>
    </ClInclude>
    <ClInclude Include="shader.h">
      <Filter>Graphics</Filter>
    </ClInclude>
    <ClInclude Include="texture.h">
      <Filter>Graphics</Filter>
    </ClInclude>
    <ClInclude Include="assetloader.h">
      <Filter>UTILS</Filter>
    </ClInclude>
    <ClInclude Include="boundingbox.h">
      <Filter>UTILS</Filter>
    </ClInclude>
    <ClInclude Include="lodepng.h">
      <Filter>UTILS</Filter>
    </ClInclude>
    <ClInclude Include="soundbuffers.h">
      <Filter>UTILS</Filter>
    </ClInclude>
    <ClInclude Include="timer.h">
      <Filter>UTILS</Filter>
    </ClInclude>
    <ClInclude Include="input.h">
      <Filter>UTILS</Filter>
    </ClInclude>
    <ClInclude Include="model.h">
      <Filter>Graphics</Filter>
    </ClInclude>
    <ClInclude Include="loadoutstate.h">
      <Filter>States</Filter>
    </ClInclude>
    <ClInclude Include="loadoutaction.h">
      <Filter>GUI\Actions</Filter>
    </ClInclude>
    <ClInclude Include="loadingstate.h">
      <Filter>States</Filter>
    </ClInclude>
    <ClInclude Include="startloadingaction.h">
      <Filter>GUI\Actions</Filter>
    </ClInclude>
    <ClInclude Include="highscoreaction.h">
      <Filter>GUI\Actions</Filter>
    </ClInclude>
    <ClInclude Include="highscorestate.h">
      <Filter>States</Filter>
    </ClInclude>
  </ItemGroup>
  <ItemGroup>
    <None Include="fragmentShader.glsl">
      <Filter>Graphics\Shaders</Filter>
    </None>
    <None Include="geometryShader.glsl">
      <Filter>Graphics\Shaders</Filter>
    </None>
    <None Include="partCompute.glsl">
      <Filter>Graphics\Shaders</Filter>
    </None>
    <None Include="partFrag.glsl">
      <Filter>Graphics\Shaders</Filter>
    </None>
    <None Include="partVert.glsl">
      <Filter>Graphics\Shaders</Filter>
    </None>
    <None Include="shadowFragmentShader.glsl">
      <Filter>Graphics\Shaders</Filter>
    </None>
    <None Include="shadowVertexShader.glsl">
      <Filter>Graphics\Shaders</Filter>
    </None>
    <None Include="terrainFragmentShader.glsl">
      <Filter>Graphics\Shaders</Filter>
    </None>
    <None Include="terrainVertexShader.glsl">
      <Filter>Graphics\Shaders</Filter>
    </None>
    <None Include="textFrag.glsl">
      <Filter>Graphics\Shaders</Filter>
    </None>
    <None Include="textVert.glsl">
      <Filter>Graphics\Shaders</Filter>
    </None>
    <None Include="vertexShader.glsl">
      <Filter>Graphics\Shaders</Filter>
    </None>
    <None Include="partGeom.glsl">
      <Filter>Graphics\Shaders</Filter>
    </None>
  </ItemGroup>
  <ItemGroup>
    <Filter Include="Behaviours">
      <UniqueIdentifier>{87f91148-0381-4d30-aeb4-679baa66999e}</UniqueIdentifier>
    </Filter>
    <Filter Include="Behaviours\Conditions">
      <UniqueIdentifier>{93b29e75-2289-4eec-ab79-596a83f98c28}</UniqueIdentifier>
    </Filter>
    <Filter Include="Systems">
      <UniqueIdentifier>{c5eb688e-ea98-47f5-b415-cb78cc28b242}</UniqueIdentifier>
    </Filter>
    <Filter Include="Systems\Components">
      <UniqueIdentifier>{daffe023-15bf-453c-826a-52f727f03357}</UniqueIdentifier>
    </Filter>
    <Filter Include="States">
      <UniqueIdentifier>{9f57784e-9491-4c70-824d-e7a583c73daa}</UniqueIdentifier>
    </Filter>
    <Filter Include="Terrain">
      <UniqueIdentifier>{92383e84-ca46-4850-98af-afb4e3c75143}</UniqueIdentifier>
    </Filter>
    <Filter Include="Events">
      <UniqueIdentifier>{4ee91859-bfc1-408e-bc25-89f24a18aceb}</UniqueIdentifier>
    </Filter>
    <Filter Include="GUI">
      <UniqueIdentifier>{7433a6b0-8ee7-4be7-9b2d-3fe485534e7b}</UniqueIdentifier>
    </Filter>
    <Filter Include="GUI\Actions">
      <UniqueIdentifier>{f490bfef-7b13-42f6-9103-31738c4ef78f}</UniqueIdentifier>
    </Filter>
    <Filter Include="Graphics">
      <UniqueIdentifier>{9790a4cf-6b85-4a90-9525-7be12428941b}</UniqueIdentifier>
    </Filter>
    <Filter Include="Graphics\Shaders">
      <UniqueIdentifier>{aa439f66-77e3-4456-8424-e88560019c39}</UniqueIdentifier>
    </Filter>
    <Filter Include="UTILS">
      <UniqueIdentifier>{0fa4f499-87e1-41dc-a232-1820224d0e3a}</UniqueIdentifier>
    </Filter>
  </ItemGroup>
</Project>